// !$*UTF8*$!
{
	archiveVersion = 1;
	classes = {
	};
	objectVersion = 46;
	objects = {

/* Begin PBXBuildFile section */
		BAF165FC1AC8634700D14D75 /* AppDelegate.swift in Sources */ = {isa = PBXBuildFile; fileRef = BAF165FB1AC8634700D14D75 /* AppDelegate.swift */; };
		BAF165FE1AC8634700D14D75 /* ViewController.swift in Sources */ = {isa = PBXBuildFile; fileRef = BAF165FD1AC8634700D14D75 /* ViewController.swift */; };
		BAF166011AC8634700D14D75 /* Main.storyboard in Resources */ = {isa = PBXBuildFile; fileRef = BAF165FF1AC8634700D14D75 /* Main.storyboard */; };
		BAF166031AC8634700D14D75 /* Images.xcassets in Resources */ = {isa = PBXBuildFile; fileRef = BAF166021AC8634700D14D75 /* Images.xcassets */; };
		BAF166061AC8634700D14D75 /* LaunchScreen.xib in Resources */ = {isa = PBXBuildFile; fileRef = BAF166041AC8634700D14D75 /* LaunchScreen.xib */; };
		BAF166121AC8634700D14D75 /* PostcardTests.swift in Sources */ = {isa = PBXBuildFile; fileRef = BAF166111AC8634700D14D75 /* PostcardTests.swift */; };
		BAF1661D1AC86EC700D14D75 /* IMG_0543.JPG in Resources */ = {isa = PBXBuildFile; fileRef = BAF1661B1AC86EC700D14D75 /* IMG_0543.JPG */; };
		BAF1661E1AC86EC700D14D75 /* postcard.jpeg in Resources */ = {isa = PBXBuildFile; fileRef = BAF1661C1AC86EC700D14D75 /* postcard.jpeg */; };
/* End PBXBuildFile section */

/* Begin PBXContainerItemProxy section */
		BAF1660C1AC8634700D14D75 /* PBXContainerItemProxy */ = {
			isa = PBXContainerItemProxy;
			containerPortal = BAF165EE1AC8634700D14D75 /* Project object */;
			proxyType = 1;
			remoteGlobalIDString = BAF165F51AC8634700D14D75;
			remoteInfo = Postcard;
		};
/* End PBXContainerItemProxy section */

/* Begin PBXFileReference section */
		BAF165F61AC8634700D14D75 /* Postcard.app */ = {isa = PBXFileReference; explicitFileType = wrapper.application; includeInIndex = 0; path = Postcard.app; sourceTree = BUILT_PRODUCTS_DIR; };
		BAF165FA1AC8634700D14D75 /* Info.plist */ = {isa = PBXFileReference; lastKnownFileType = text.plist.xml; path = Info.plist; sourceTree = "<group>"; };
		BAF165FB1AC8634700D14D75 /* AppDelegate.swift */ = {isa = PBXFileReference; lastKnownFileType = sourcecode.swift; path = AppDelegate.swift; sourceTree = "<group>"; };
		BAF165FD1AC8634700D14D75 /* ViewController.swift */ = {isa = PBXFileReference; lastKnownFileType = sourcecode.swift; path = ViewController.swift; sourceTree = "<group>"; };
		BAF166001AC8634700D14D75 /* Base */ = {isa = PBXFileReference; lastKnownFileType = file.storyboard; name = Base; path = Base.lproj/Main.storyboard; sourceTree = "<group>"; };
		BAF166021AC8634700D14D75 /* Images.xcassets */ = {isa = PBXFileReference; lastKnownFileType = folder.assetcatalog; path = Images.xcassets; sourceTree = "<group>"; };
		BAF166051AC8634700D14D75 /* Base */ = {isa = PBXFileReference; lastKnownFileType = file.xib; name = Base; path = Base.lproj/LaunchScreen.xib; sourceTree = "<group>"; };
		BAF1660B1AC8634700D14D75 /* PostcardTests.xctest */ = {isa = PBXFileReference; explicitFileType = wrapper.cfbundle; includeInIndex = 0; path = PostcardTests.xctest; sourceTree = BUILT_PRODUCTS_DIR; };
		BAF166101AC8634700D14D75 /* Info.plist */ = {isa = PBXFileReference; lastKnownFileType = text.plist.xml; path = Info.plist; sourceTree = "<group>"; };
		BAF166111AC8634700D14D75 /* PostcardTests.swift */ = {isa = PBXFileReference; lastKnownFileType = sourcecode.swift; path = PostcardTests.swift; sourceTree = "<group>"; };
		BAF1661B1AC86EC700D14D75 /* IMG_0543.JPG */ = {isa = PBXFileReference; lastKnownFileType = image.jpeg; path = IMG_0543.JPG; sourceTree = "<group>"; };
		BAF1661C1AC86EC700D14D75 /* postcard.jpeg */ = {isa = PBXFileReference; lastKnownFileType = image.jpeg; path = postcard.jpeg; sourceTree = "<group>"; };
/* End PBXFileReference section */

/* Begin PBXFrameworksBuildPhase section */
		BAF165F31AC8634700D14D75 /* Frameworks */ = {
			isa = PBXFrameworksBuildPhase;
			buildActionMask = 2147483647;
			files = (
			);
			runOnlyForDeploymentPostprocessing = 0;
		};
		BAF166081AC8634700D14D75 /* Frameworks */ = {
			isa = PBXFrameworksBuildPhase;
			buildActionMask = 2147483647;
			files = (
			);
			runOnlyForDeploymentPostprocessing = 0;
		};
/* End PBXFrameworksBuildPhase section */

/* Begin PBXGroup section */
		BAF165ED1AC8634700D14D75 = {
			isa = PBXGroup;
			children = (
				BAF165F81AC8634700D14D75 /* Postcard */,
				BAF1660E1AC8634700D14D75 /* PostcardTests */,
				BAF165F71AC8634700D14D75 /* Products */,
			);
			sourceTree = "<group>";
		};
		BAF165F71AC8634700D14D75 /* Products */ = {
			isa = PBXGroup;
			children = (
				BAF165F61AC8634700D14D75 /* Postcard.app */,
				BAF1660B1AC8634700D14D75 /* PostcardTests.xctest */,
			);
			name = Products;
			sourceTree = "<group>";
		};
		BAF165F81AC8634700D14D75 /* Postcard */ = {
			isa = PBXGroup;
			children = (
				BAF165FB1AC8634700D14D75 /* AppDelegate.swift */,
				BAF165FD1AC8634700D14D75 /* ViewController.swift */,
				BAF165FF1AC8634700D14D75 /* Main.storyboard */,
				BAF166021AC8634700D14D75 /* Images.xcassets */,
				BAF166041AC8634700D14D75 /* LaunchScreen.xib */,
				BAF165F91AC8634700D14D75 /* Supporting Files */,
			);
			path = Postcard;
			sourceTree = "<group>";
		};
		BAF165F91AC8634700D14D75 /* Supporting Files */ = {
			isa = PBXGroup;
			children = (
				BAF1661B1AC86EC700D14D75 /* IMG_0543.JPG */,
				BAF1661C1AC86EC700D14D75 /* postcard.jpeg */,
				BAF165FA1AC8634700D14D75 /* Info.plist */,
			);
			name = "Supporting Files";
			sourceTree = "<group>";
		};
		BAF1660E1AC8634700D14D75 /* PostcardTests */ = {
			isa = PBXGroup;
			children = (
				BAF166111AC8634700D14D75 /* PostcardTests.swift */,
				BAF1660F1AC8634700D14D75 /* Supporting Files */,
			);
			path = PostcardTests;
			sourceTree = "<group>";
		};
		BAF1660F1AC8634700D14D75 /* Supporting Files */ = {
			isa = PBXGroup;
			children = (
				BAF166101AC8634700D14D75 /* Info.plist */,
			);
			name = "Supporting Files";
			sourceTree = "<group>";
		};
/* End PBXGroup section */

/* Begin PBXNativeTarget section */
		BAF165F51AC8634700D14D75 /* Postcard */ = {
			isa = PBXNativeTarget;
			buildConfigurationList = BAF166151AC8634700D14D75 /* Build configuration list for PBXNativeTarget "Postcard" */;
			buildPhases = (
				BAF165F21AC8634700D14D75 /* Sources */,
				BAF165F31AC8634700D14D75 /* Frameworks */,
				BAF165F41AC8634700D14D75 /* Resources */,
			);
			buildRules = (
			);
			dependencies = (
			);
			name = Postcard;
			productName = Postcard;
			productReference = BAF165F61AC8634700D14D75 /* Postcard.app */;
			productType = "com.apple.product-type.application";
		};
		BAF1660A1AC8634700D14D75 /* PostcardTests */ = {
			isa = PBXNativeTarget;
			buildConfigurationList = BAF166181AC8634700D14D75 /* Build configuration list for PBXNativeTarget "PostcardTests" */;
			buildPhases = (
				BAF166071AC8634700D14D75 /* Sources */,
				BAF166081AC8634700D14D75 /* Frameworks */,
				BAF166091AC8634700D14D75 /* Resources */,
			);
			buildRules = (
			);
			dependencies = (
				BAF1660D1AC8634700D14D75 /* PBXTargetDependency */,
			);
			name = PostcardTests;
			productName = PostcardTests;
			productReference = BAF1660B1AC8634700D14D75 /* PostcardTests.xctest */;
			productType = "com.apple.product-type.bundle.unit-test";
		};
/* End PBXNativeTarget section */

/* Begin PBXProject section */
		BAF165EE1AC8634700D14D75 /* Project object */ = {
			isa = PBXProject;
			attributes = {
				LastUpgradeCheck = 0610;
				ORGANIZATIONNAME = "Nick Simmons";
				TargetAttributes = {
					BAF165F51AC8634700D14D75 = {
						CreatedOnToolsVersion = 6.1.1;
					};
					BAF1660A1AC8634700D14D75 = {
						CreatedOnToolsVersion = 6.1.1;
						TestTargetID = BAF165F51AC8634700D14D75;
					};
				};
			};
			buildConfigurationList = BAF165F11AC8634700D14D75 /* Build configuration list for PBXProject "Postcard" */;
			compatibilityVersion = "Xcode 3.2";
			developmentRegion = English;
			hasScannedForEncodings = 0;
			knownRegions = (
				en,
				Base,
			);
			mainGroup = BAF165ED1AC8634700D14D75;
			productRefGroup = BAF165F71AC8634700D14D75 /* Products */;
			projectDirPath = "";
			projectRoot = "";
			targets = (
				BAF165F51AC8634700D14D75 /* Postcard */,
				BAF1660A1AC8634700D14D75 /* PostcardTests */,
			);
		};
/* End PBXProject section */

/* Begin PBXResourcesBuildPhase section */
		BAF165F41AC8634700D14D75 /* Resources */ = {
			isa = PBXResourcesBuildPhase;
			buildActionMask = 2147483647;
			files = (
				BAF166011AC8634700D14D75 /* Main.storyboard in Resources */,
				BAF166061AC8634700D14D75 /* LaunchScreen.xib in Resources */,
				BAF1661E1AC86EC700D14D75 /* postcard.jpeg in Resources */,
				BAF166031AC8634700D14D75 /* Images.xcassets in Resources */,
				BAF1661D1AC86EC700D14D75 /* IMG_0543.JPG in Resources */,
			);
			runOnlyForDeploymentPostprocessing = 0;
		};
		BAF166091AC8634700D14D75 /* Resources */ = {
			isa = PBXResourcesBuildPhase;
			buildActionMask = 2147483647;
			files = (
			);
			runOnlyForDeploymentPostprocessing = 0;
		};
/* End PBXResourcesBuildPhase section */

/* Begin PBXSourcesBuildPhase section */
		BAF165F21AC8634700D14D75 /* Sources */ = {
			isa = PBXSourcesBuildPhase;
			buildActionMask = 2147483647;
			files = (
				BAF165FE1AC8634700D14D75 /* ViewController.swift in Sources */,
				BAF165FC1AC8634700D14D75 /* AppDelegate.swift in Sources */,
			);
			runOnlyForDeploymentPostprocessing = 0;
		};
		BAF166071AC8634700D14D75 /* Sources */ = {
			isa = PBXSourcesBuildPhase;
			buildActionMask = 2147483647;
			files = (
				BAF166121AC8634700D14D75 /* PostcardTests.swift in Sources */,
			);
			runOnlyForDeploymentPostprocessing = 0;
		};
/* End PBXSourcesBuildPhase section */

/* Begin PBXTargetDependency section */
		BAF1660D1AC8634700D14D75 /* PBXTargetDependency */ = {
			isa = PBXTargetDependency;
			target = BAF165F51AC8634700D14D75 /* Postcard */;
			targetProxy = BAF1660C1AC8634700D14D75 /* PBXContainerItemProxy */;
		};
/* End PBXTargetDependency section */

/* Begin PBXVariantGroup section */
		BAF165FF1AC8634700D14D75 /* Main.storyboard */ = {
			isa = PBXVariantGroup;
			children = (
				BAF166001AC8634700D14D75 /* Base */,
			);
			name = Main.storyboard;
			sourceTree = "<group>";
		};
		BAF166041AC8634700D14D75 /* LaunchScreen.xib */ = {
			isa = PBXVariantGroup;
			children = (
				BAF166051AC8634700D14D75 /* Base */,
			);
			name = LaunchScreen.xib;
			sourceTree = "<group>";
		};
/* End PBXVariantGroup section */

/* Begin XCBuildConfiguration section */
		BAF166131AC8634700D14D75 /* Debug */ = {
			isa = XCBuildConfiguration;
			buildSettings = {
				ALWAYS_SEARCH_USER_PATHS = NO;
				CLANG_CXX_LANGUAGE_STANDARD = "gnu++0x";
				CLANG_CXX_LIBRARY = "libc++";
				CLANG_ENABLE_MODULES = YES;
				CLANG_ENABLE_OBJC_ARC = YES;
				CLANG_WARN_BOOL_CONVERSION = YES;
				CLANG_WARN_CONSTANT_CONVERSION = YES;
				CLANG_WARN_DIRECT_OBJC_ISA_USAGE = YES_ERROR;
				CLANG_WARN_EMPTY_BODY = YES;
				CLANG_WARN_ENUM_CONVERSION = YES;
				CLANG_WARN_INT_CONVERSION = YES;
				CLANG_WARN_OBJC_ROOT_CLASS = YES_ERROR;
				CLANG_WARN_UNREACHABLE_CODE = YES;
				CLANG_WARN__DUPLICATE_METHOD_MATCH = YES;
				"CODE_SIGN_IDENTITY[sdk=iphoneos*]" = "iPhone Developer";
				COPY_PHASE_STRIP = NO;
				ENABLE_STRICT_OBJC_MSGSEND = YES;
				GCC_C_LANGUAGE_STANDARD = gnu99;
				GCC_DYNAMIC_NO_PIC = NO;
				GCC_OPTIMIZATION_LEVEL = 0;
				GCC_PREPROCESSOR_DEFINITIONS = (
					"DEBUG=1",
					"$(inherited)",
				);
				GCC_SYMBOLS_PRIVATE_EXTERN = NO;
				GCC_WARN_64_TO_32_BIT_CONVERSION = YES;
				GCC_WARN_ABOUT_RETURN_TYPE = YES_ERROR;
				GCC_WARN_UNDECLARED_SELECTOR = YES;
				GCC_WARN_UNINITIALIZED_AUTOS = YES_AGGRESSIVE;
				GCC_WARN_UNUSED_FUNCTION = YES;
				GCC_WARN_UNUSED_VARIABLE = YES;
				IPHONEOS_DEPLOYMENT_TARGET = 8.1;
				MTL_ENABLE_DEBUG_INFO = YES;
				ONLY_ACTIVE_ARCH = YES;
				SDKROOT = iphoneos;
				SWIFT_OPTIMIZATION_LEVEL = "-Onone";
				TARGETED_DEVICE_FAMILY = "1,2";
			};
			name = Debug;
		};
		BAF166141AC8634700D14D75 /* Release */ = {
			isa = XCBuildConfiguration;
			buildSettings = {
				ALWAYS_SEARCH_USER_PATHS = NO;
				CLANG_CXX_LANGUAGE_STANDARD = "gnu++0x";
				CLANG_CXX_LIBRARY = "libc++";
				CLANG_ENABLE_MODULES = YES;
				CLANG_ENABLE_OBJC_ARC = YES;
				CLANG_WARN_BOOL_CONVERSION = YES;
				CLANG_WARN_CONSTANT_CONVERSION = YES;
				CLANG_WARN_DIRECT_OBJC_ISA_USAGE = YES_ERROR;
				CLANG_WARN_EMPTY_BODY = YES;
				CLANG_WARN_ENUM_CONVERSION = YES;
				CLANG_WARN_INT_CONVERSION = YES;
				CLANG_WARN_OBJC_ROOT_CLASS = YES_ERROR;
				CLANG_WARN_UNREACHABLE_CODE = YES;
				CLANG_WARN__DUPLICATE_METHOD_MATCH = YES;
				"CODE_SIGN_IDENTITY[sdk=iphoneos*]" = "iPhone Developer";
				COPY_PHASE_STRIP = YES;
				ENABLE_NS_ASSERTIONS = NO;
				ENABLE_STRICT_OBJC_MSGSEND = YES;
				GCC_C_LANGUAGE_STANDARD = gnu99;
				GCC_WARN_64_TO_32_BIT_CONVERSION = YES;
				GCC_WARN_ABOUT_RETURN_TYPE = YES_ERROR;
				GCC_WARN_UNDECLARED_SELECTOR = YES;
				GCC_WARN_UNINITIALIZED_AUTOS = YES_AGGRESSIVE;
				GCC_WARN_UNUSED_FUNCTION = YES;
				GCC_WARN_UNUSED_VARIABLE = YES;
				IPHONEOS_DEPLOYMENT_TARGET = 8.1;
				MTL_ENABLE_DEBUG_INFO = NO;
				SDKROOT = iphoneos;
				TARGETED_DEVICE_FAMILY = "1,2";
				VALIDATE_PRODUCT = YES;
			};
			name = Release;
		};
		BAF166161AC8634700D14D75 /* Debug */ = {
			isa = XCBuildConfiguration;
			buildSettings = {
				ASSETCATALOG_COMPILER_APPICON_NAME = AppIcon;
				INFOPLIST_FILE = Postcard/Info.plist;
				LD_RUNPATH_SEARCH_PATHS = "$(inherited) @executable_path/Frameworks";
				PRODUCT_NAME = "$(TARGET_NAME)";
			};
			name = Debug;
		};
		BAF166171AC8634700D14D75 /* Release */ = {
			isa = XCBuildConfiguration;
			buildSettings = {
				ASSETCATALOG_COMPILER_APPICON_NAME = AppIcon;
				INFOPLIST_FILE = Postcard/Info.plist;
				LD_RUNPATH_SEARCH_PATHS = "$(inherited) @executable_path/Frameworks";
				PRODUCT_NAME = "$(TARGET_NAME)";
			};
			name = Release;
		};
		BAF166191AC8634700D14D75 /* Debug */ = {
			isa = XCBuildConfiguration;
			buildSettings = {
				BUNDLE_LOADER = "$(TEST_HOST)";
				FRAMEWORK_SEARCH_PATHS = (
					"$(SDKROOT)/Developer/Library/Frameworks",
					"$(inherited)",
				);
				GCC_PREPROCESSOR_DEFINITIONS = (
					"DEBUG=1",
					"$(inherited)",
				);
				INFOPLIST_FILE = PostcardTests/Info.plist;
				LD_RUNPATH_SEARCH_PATHS = "$(inherited) @executable_path/Frameworks @loader_path/Frameworks";
				PRODUCT_NAME = "$(TARGET_NAME)";
				TEST_HOST = "$(BUILT_PRODUCTS_DIR)/Postcard.app/Postcard";
			};
			name = Debug;
		};
		BAF1661A1AC8634700D14D75 /* Release */ = {
			isa = XCBuildConfiguration;
			buildSettings = {
				BUNDLE_LOADER = "$(TEST_HOST)";
				FRAMEWORK_SEARCH_PATHS = (
					"$(SDKROOT)/Developer/Library/Frameworks",
					"$(inherited)",
				);
				INFOPLIST_FILE = PostcardTests/Info.plist;
				LD_RUNPATH_SEARCH_PATHS = "$(inherited) @executable_path/Frameworks @loader_path/Frameworks";
				PRODUCT_NAME = "$(TARGET_NAME)";
				TEST_HOST = "$(BUILT_PRODUCTS_DIR)/Postcard.app/Postcard";
			};
			name = Release;
		};
/* End XCBuildConfiguration section */

/* Begin XCConfigurationList section */
		BAF165F11AC8634700D14D75 /* Build configuration list for PBXProject "Postcard" */ = {
			isa = XCConfigurationList;
			buildConfigurations = (
				BAF166131AC8634700D14D75 /* Debug */,
				BAF166141AC8634700D14D75 /* Release */,
			);
			defaultConfigurationIsVisible = 0;
			defaultConfigurationName = Release;
		};
		BAF166151AC8634700D14D75 /* Build configuration list for PBXNativeTarget "Postcard" */ = {
			isa = XCConfigurationList;
			buildConfigurations = (
				BAF166161AC8634700D14D75 /* Debug */,
				BAF166171AC8634700D14D75 /* Release */,
			);
			defaultConfigurationIsVisible = 0;
		};
		BAF166181AC8634700D14D75 /* Build configuration list for PBXNativeTarget "PostcardTests" */ = {
			isa = XCConfigurationList;
			buildConfigurations = (
				BAF166191AC8634700D14D75 /* Debug */,
				BAF1661A1AC8634700D14D75 /* Release */,
			);
			defaultConfigurationIsVisible = 0;
		};
/* End XCConfigurationList section */
	};
	rootObject = BAF165EE1AC8634700D14D75 /* Project object */;
}
